
Microsoft Visual Studio Solution File, Format Version 12.00
# Visual Studio Version 17
VisualStudioVersion = 17.6.33829.357
MinimumVisualStudioVersion = 10.0.40219.1
Project("{9A19103F-16F7-4668-BE54-9A1E7A4F7556}") = "WebApp.RazorPages", "WebApp.RazorPages\WebApp.RazorPages.csproj", "{7CBCED4C-9384-4EA5-9694-3BB84A454F2B}"
EndProject
Project("{9A19103F-16F7-4668-BE54-9A1E7A4F7556}") = "WebApp.MVC", "WebApp.MVC\WebApp.MVC.csproj", "{10FA7483-18CA-4D4C-B323-4A62EB69ABD9}"
EndProject
Project("{9A19103F-16F7-4668-BE54-9A1E7A4F7556}") = "WebApp.Blazor", "WebApp.Blazor\WebApp.Blazor.csproj", "{07D06EE8-AC80-4DC9-9CFF-623F150D9238}"
EndProject
Project("{9A19103F-16F7-4668-BE54-9A1E7A4F7556}") = "WebApp.Api", "WebApp.Api\WebApp.Api.csproj", "{ABB0E8AC-6460-467A-A825-E556D0582473}"
EndProject
Project("{FAE04EC0-301F-11D3-BF4B-00C04F79EFBC}") = "WebApp.MinApi", "WebApp.MinApi\WebApp.MinApi.csproj", "{CF9CC42D-C6DF-4CD0-90BD-2B15449C6FA7}"
EndProject
Project("{FAE04EC0-301F-11D3-BF4B-00C04F79EFBC}") = "WebApp.Database", "WebApp.Database\WebApp.Database.csproj", "{C52D5F46-DBF6-46AE-834B-D8B2D9FD0922}"
EndProject
Project("{FAE04EC0-301F-11D3-BF4B-00C04F79EFBC}") = "WebApp.Repositories", "WebApp.Repositories\WebApp.Repositories.csproj", "{37544ADE-2E4E-4F7D-9EE2-E954C23A1429}"
EndProject
Project("{FAE04EC0-301F-11D3-BF4B-00C04F79EFBC}") = "WebApp.Models", "WebApp.Models\WebApp.Models.csproj", "{E60E29C2-9B4D-4A5C-AE4A-04502CC6D245}"
EndProject
Project("{FAE04EC0-301F-11D3-BF4B-00C04F79EFBC}") = "WebApp.Services", "WebApp.Services\WebApp.Services.csproj", "{707780EC-5F28-4DB3-9396-5E0FC8A1C96D}"
EndProject
Global
	GlobalSection(SolutionConfigurationPlatforms) = preSolution
		Debug|Any CPU = Debug|Any CPU
		Release|Any CPU = Release|Any CPU
	EndGlobalSection
	GlobalSection(ProjectConfigurationPlatforms) = postSolution
		{7CBCED4C-9384-4EA5-9694-3BB84A454F2B}.Debug|Any CPU.ActiveCfg = Debug|Any CPU
		{7CBCED4C-9384-4EA5-9694-3BB84A454F2B}.Debug|Any CPU.Build.0 = Debug|Any CPU
		{7CBCED4C-9384-4EA5-9694-3BB84A454F2B}.Release|Any CPU.ActiveCfg = Release|Any CPU
		{7CBCED4C-9384-4EA5-9694-3BB84A454F2B}.Release|Any CPU.Build.0 = Release|Any CPU
		{10FA7483-18CA-4D4C-B323-4A62EB69ABD9}.Debug|Any CPU.ActiveCfg = Debug|Any CPU
		{10FA7483-18CA-4D4C-B323-4A62EB69ABD9}.Debug|Any CPU.Build.0 = Debug|Any CPU
		{10FA7483-18CA-4D4C-B323-4A62EB69ABD9}.Release|Any CPU.ActiveCfg = Release|Any CPU
		{10FA7483-18CA-4D4C-B323-4A62EB69ABD9}.Release|Any CPU.Build.0 = Release|Any CPU
		{07D06EE8-AC80-4DC9-9CFF-623F150D9238}.Debug|Any CPU.ActiveCfg = Debug|Any CPU
		{07D06EE8-AC80-4DC9-9CFF-623F150D9238}.Debug|Any CPU.Build.0 = Debug|Any CPU
		{07D06EE8-AC80-4DC9-9CFF-623F150D9238}.Release|Any CPU.ActiveCfg = Release|Any CPU
		{07D06EE8-AC80-4DC9-9CFF-623F150D9238}.Release|Any CPU.Build.0 = Release|Any CPU
		{ABB0E8AC-6460-467A-A825-E556D0582473}.Debug|Any CPU.ActiveCfg = Debug|Any CPU
		{ABB0E8AC-6460-467A-A825-E556D0582473}.Debug|Any CPU.Build.0 = Debug|Any CPU
		{ABB0E8AC-6460-467A-A825-E556D0582473}.Release|Any CPU.ActiveCfg = Release|Any CPU
		{ABB0E8AC-6460-467A-A825-E556D0582473}.Release|Any CPU.Build.0 = Release|Any CPU
		{CF9CC42D-C6DF-4CD0-90BD-2B15449C6FA7}.Debug|Any CPU.ActiveCfg = Debug|Any CPU
		{CF9CC42D-C6DF-4CD0-90BD-2B15449C6FA7}.Debug|Any CPU.Build.0 = Debug|Any CPU
		{CF9CC42D-C6DF-4CD0-90BD-2B15449C6FA7}.Release|Any CPU.ActiveCfg = Release|Any CPU
		{CF9CC42D-C6DF-4CD0-90BD-2B15449C6FA7}.Release|Any CPU.Build.0 = Release|Any CPU
		{C52D5F46-DBF6-46AE-834B-D8B2D9FD0922}.Debug|Any CPU.ActiveCfg = Debug|Any CPU
		{C52D5F46-DBF6-46AE-834B-D8B2D9FD0922}.Debug|Any CPU.Build.0 = Debug|Any CPU
		{C52D5F46-DBF6-46AE-834B-D8B2D9FD0922}.Release|Any CPU.ActiveCfg = Release|Any CPU
		{C52D5F46-DBF6-46AE-834B-D8B2D9FD0922}.Release|Any CPU.Build.0 = Release|Any CPU
		{37544ADE-2E4E-4F7D-9EE2-E954C23A1429}.Debug|Any CPU.ActiveCfg = Debug|Any CPU
		{37544ADE-2E4E-4F7D-9EE2-E954C23A1429}.Debug|Any CPU.Build.0 = Debug|Any CPU
		{37544ADE-2E4E-4F7D-9EE2-E954C23A1429}.Release|Any CPU.ActiveCfg = Release|Any CPU
		{37544ADE-2E4E-4F7D-9EE2-E954C23A1429}.Release|Any CPU.Build.0 = Release|Any CPU
		{E60E29C2-9B4D-4A5C-AE4A-04502CC6D245}.Debug|Any CPU.ActiveCfg = Debug|Any CPU
		{E60E29C2-9B4D-4A5C-AE4A-04502CC6D245}.Debug|Any CPU.Build.0 = Debug|Any CPU
		{E60E29C2-9B4D-4A5C-AE4A-04502CC6D245}.Release|Any CPU.ActiveCfg = Release|Any CPU
		{E60E29C2-9B4D-4A5C-AE4A-04502CC6D245}.Release|Any CPU.Build.0 = Release|Any CPU
		{707780EC-5F28-4DB3-9396-5E0FC8A1C96D}.Debug|Any CPU.ActiveCfg = Debug|Any CPU
		{707780EC-5F28-4DB3-9396-5E0FC8A1C96D}.Debug|Any CPU.Build.0 = Debug|Any CPU
		{707780EC-5F28-4DB3-9396-5E0FC8A1C96D}.Release|Any CPU.ActiveCfg = Release|Any CPU
		{707780EC-5F28-4DB3-9396-5E0FC8A1C96D}.Release|Any CPU.Build.0 = Release|Any CPU
	EndGlobalSection
	GlobalSection(SolutionProperties) = preSolution
		HideSolutionNode = FALSE
	EndGlobalSection
	GlobalSection(ExtensibilityGlobals) = postSolution
		SolutionGuid = {2C586AA8-01CD-41FE-BB00-2837912F59D2}
	EndGlobalSection
EndGlobal
